
Microsoft Visual Studio Solution File, Format Version 12.00
# Visual Studio 15
VisualStudioVersion = 15.0.28307.572
MinimumVisualStudioVersion = 10.0.40219.1
Project("{FAE04EC0-301F-11D3-BF4B-00C04F79EFBC}") = "WebApiTaller", "WebApiTaller\WebApiTaller.csproj", "{53671211-512B-416D-A5E8-ECEBFDD0961F}"
EndProject
Global
	GlobalSection(SolutionConfigurationPlatforms) = preSolution
		Debug|Any CPU = Debug|Any CPU
		Release|Any CPU = Release|Any CPU
	EndGlobalSection
	GlobalSection(ProjectConfigurationPlatforms) = postSolution
		{53671211-512B-416D-A5E8-ECEBFDD0961F}.Debug|Any CPU.ActiveCfg = Debug|Any CPU
		{53671211-512B-416D-A5E8-ECEBFDD0961F}.Debug|Any CPU.Build.0 = Debug|Any CPU
		{53671211-512B-416D-A5E8-ECEBFDD0961F}.Release|Any CPU.ActiveCfg = Release|Any CPU
		{53671211-512B-416D-A5E8-ECEBFDD0961F}.Release|Any CPU.Build.0 = Release|Any CPU
	EndGlobalSection
	GlobalSection(SolutionProperties) = preSolution
		HideSolutionNode = FALSE
	EndGlobalSection
	GlobalSection(ExtensibilityGlobals) = postSolution
		SolutionGuid = {2FB45F00-17B2-4479-B86F-0F5DA8F13378}
	EndGlobalSection
EndGlobal
